
Microsoft Visual Studio Solution File, Format Version 12.00
# Visual Studio Version 16
VisualStudioVersion = 16.0.30523.141
MinimumVisualStudioVersion = 10.0.40219.1
Project("{8BC9CEB8-8B4A-11D0-8D11-00A0C91BC942}") = "SimpleBoardGame", "SimpleBoardGame\SimpleBoardGame.vcxproj", "{561B77BA-DC74-4DCC-AE65-BD83B163C538}"
EndProject
Project("{8BC9CEB8-8B4A-11D0-8D11-00A0C91BC942}") = "UnitTest1", "UnitTest1\UnitTest1.vcxproj", "{9929A32B-3C4D-4A8B-93EF-E561379332C7}"
EndProject
Project("{8BC9CEB8-8B4A-11D0-8D11-00A0C91BC942}") = "BuffaloChessGameLib", "BuffaloChessGameLib\BuffaloChessGameLib.vcxproj", "{4759B273-A91D-405F-969A-417D718EFD9A}"
EndProject
Project("{8BC9CEB8-8B4A-11D0-8D11-00A0C91BC942}") = "ConsoleBuffaloChessGame", "ConsoleBuffaloChessGame\ConsoleBuffaloChessGame.vcxproj", "{A2C7AE74-CAA3-4178-8DAE-5CE02B91831B}"
	ProjectSection(ProjectDependencies) = postProject
		{4759B273-A91D-405F-969A-417D718EFD9A} = {4759B273-A91D-405F-969A-417D718EFD9A}
	EndProjectSection
EndProject
Global
	GlobalSection(SolutionConfigurationPlatforms) = preSolution
		Debug|x64 = Debug|x64
		Debug|x86 = Debug|x86
		Release|x64 = Release|x64
		Release|x86 = Release|x86
	EndGlobalSection
	GlobalSection(ProjectConfigurationPlatforms) = postSolution
		{561B77BA-DC74-4DCC-AE65-BD83B163C538}.Debug|x64.ActiveCfg = Debug|x64
		{561B77BA-DC74-4DCC-AE65-BD83B163C538}.Debug|x64.Build.0 = Debug|x64
		{561B77BA-DC74-4DCC-AE65-BD83B163C538}.Debug|x86.ActiveCfg = Debug|Win32
		{561B77BA-DC74-4DCC-AE65-BD83B163C538}.Debug|x86.Build.0 = Debug|Win32
		{561B77BA-DC74-4DCC-AE65-BD83B163C538}.Release|x64.ActiveCfg = Release|x64
		{561B77BA-DC74-4DCC-AE65-BD83B163C538}.Release|x64.Build.0 = Release|x64
		{561B77BA-DC74-4DCC-AE65-BD83B163C538}.Release|x86.ActiveCfg = Release|Win32
		{561B77BA-DC74-4DCC-AE65-BD83B163C538}.Release|x86.Build.0 = Release|Win32
		{9929A32B-3C4D-4A8B-93EF-E561379332C7}.Debug|x64.ActiveCfg = Debug|x64
		{9929A32B-3C4D-4A8B-93EF-E561379332C7}.Debug|x64.Build.0 = Debug|x64
		{9929A32B-3C4D-4A8B-93EF-E561379332C7}.Debug|x86.ActiveCfg = Debug|Win32
		{9929A32B-3C4D-4A8B-93EF-E561379332C7}.Debug|x86.Build.0 = Debug|Win32
		{9929A32B-3C4D-4A8B-93EF-E561379332C7}.Release|x64.ActiveCfg = Release|x64
		{9929A32B-3C4D-4A8B-93EF-E561379332C7}.Release|x64.Build.0 = Release|x64
		{9929A32B-3C4D-4A8B-93EF-E561379332C7}.Release|x86.ActiveCfg = Release|Win32
		{9929A32B-3C4D-4A8B-93EF-E561379332C7}.Release|x86.Build.0 = Release|Win32
		{4759B273-A91D-405F-969A-417D718EFD9A}.Debug|x64.ActiveCfg = Debug|x64
		{4759B273-A91D-405F-969A-417D718EFD9A}.Debug|x64.Build.0 = Debug|x64
		{4759B273-A91D-405F-969A-417D718EFD9A}.Debug|x86.ActiveCfg = Debug|Win32
		{4759B273-A91D-405F-969A-417D718EFD9A}.Debug|x86.Build.0 = Debug|Win32
		{4759B273-A91D-405F-969A-417D718EFD9A}.Release|x64.ActiveCfg = Release|x64
		{4759B273-A91D-405F-969A-417D718EFD9A}.Release|x64.Build.0 = Release|x64
		{4759B273-A91D-405F-969A-417D718EFD9A}.Release|x86.ActiveCfg = Release|Win32
		{4759B273-A91D-405F-969A-417D718EFD9A}.Release|x86.Build.0 = Release|Win32
		{A2C7AE74-CAA3-4178-8DAE-5CE02B91831B}.Debug|x64.ActiveCfg = Debug|x64
		{A2C7AE74-CAA3-4178-8DAE-5CE02B91831B}.Debug|x64.Build.0 = Debug|x64
		{A2C7AE74-CAA3-4178-8DAE-5CE02B91831B}.Debug|x86.ActiveCfg = Debug|Win32
		{A2C7AE74-CAA3-4178-8DAE-5CE02B91831B}.Debug|x86.Build.0 = Debug|Win32
		{A2C7AE74-CAA3-4178-8DAE-5CE02B91831B}.Release|x64.ActiveCfg = Release|x64
		{A2C7AE74-CAA3-4178-8DAE-5CE02B91831B}.Release|x64.Build.0 = Release|x64
		{A2C7AE74-CAA3-4178-8DAE-5CE02B91831B}.Release|x86.ActiveCfg = Release|Win32
		{A2C7AE74-CAA3-4178-8DAE-5CE02B91831B}.Release|x86.Build.0 = Release|Win32
	EndGlobalSection
	GlobalSection(SolutionProperties) = preSolution
		HideSolutionNode = FALSE
	EndGlobalSection
	GlobalSection(ExtensibilityGlobals) = postSolution
		SolutionGuid = {05DBFD04-F25F-407C-A655-4F2329D757D6}
	EndGlobalSection
EndGlobal
